
Microsoft Visual Studio Solution File, Format Version 12.00
# Visual Studio Version 17
VisualStudioVersion = 17.5.33530.505
MinimumVisualStudioVersion = 10.0.40219.1
Project("{FAE04EC0-301F-11D3-BF4B-00C04F79EFBC}") = "App2.Android", "App2\App2.Android\App2.Android.csproj", "{C5E48288-4DCE-404F-9EB9-9B0BEF5D954B}"
EndProject
Project("{FAE04EC0-301F-11D3-BF4B-00C04F79EFBC}") = "App2.iOS", "App2\App2.iOS\App2.iOS.csproj", "{46FC4D21-4D6E-4AE6-9ED0-CC7150801E74}"
EndProject
Project("{FAE04EC0-301F-11D3-BF4B-00C04F79EFBC}") = "App2", "App2\App2\App2.csproj", "{15282BAF-E67B-4DF4-910B-11242C119213}"
EndProject
Global
	GlobalSection(SolutionConfigurationPlatforms) = preSolution
		Debug|Any CPU = Debug|Any CPU
		Debug|iPhone = Debug|iPhone
		Debug|iPhoneSimulator = Debug|iPhoneSimulator
		Release|Any CPU = Release|Any CPU
		Release|iPhone = Release|iPhone
		Release|iPhoneSimulator = Release|iPhoneSimulator
	EndGlobalSection
	GlobalSection(ProjectConfigurationPlatforms) = postSolution
		{C5E48288-4DCE-404F-9EB9-9B0BEF5D954B}.Debug|Any CPU.ActiveCfg = Debug|Any CPU
		{C5E48288-4DCE-404F-9EB9-9B0BEF5D954B}.Debug|Any CPU.Build.0 = Debug|Any CPU
		{C5E48288-4DCE-404F-9EB9-9B0BEF5D954B}.Debug|Any CPU.Deploy.0 = Debug|Any CPU
		{C5E48288-4DCE-404F-9EB9-9B0BEF5D954B}.Debug|iPhone.ActiveCfg = Debug|Any CPU
		{C5E48288-4DCE-404F-9EB9-9B0BEF5D954B}.Debug|iPhone.Build.0 = Debug|Any CPU
		{C5E48288-4DCE-404F-9EB9-9B0BEF5D954B}.Debug|iPhone.Deploy.0 = Debug|Any CPU
		{C5E48288-4DCE-404F-9EB9-9B0BEF5D954B}.Debug|iPhoneSimulator.ActiveCfg = Debug|Any CPU
		{C5E48288-4DCE-404F-9EB9-9B0BEF5D954B}.Debug|iPhoneSimulator.Build.0 = Debug|Any CPU
		{C5E48288-4DCE-404F-9EB9-9B0BEF5D954B}.Debug|iPhoneSimulator.Deploy.0 = Debug|Any CPU
		{C5E48288-4DCE-404F-9EB9-9B0BEF5D954B}.Release|Any CPU.ActiveCfg = Release|Any CPU
		{C5E48288-4DCE-404F-9EB9-9B0BEF5D954B}.Release|Any CPU.Build.0 = Release|Any CPU
		{C5E48288-4DCE-404F-9EB9-9B0BEF5D954B}.Release|Any CPU.Deploy.0 = Release|Any CPU
		{C5E48288-4DCE-404F-9EB9-9B0BEF5D954B}.Release|iPhone.ActiveCfg = Release|Any CPU
		{C5E48288-4DCE-404F-9EB9-9B0BEF5D954B}.Release|iPhone.Build.0 = Release|Any CPU
		{C5E48288-4DCE-404F-9EB9-9B0BEF5D954B}.Release|iPhone.Deploy.0 = Release|Any CPU
		{C5E48288-4DCE-404F-9EB9-9B0BEF5D954B}.Release|iPhoneSimulator.ActiveCfg = Release|Any CPU
		{C5E48288-4DCE-404F-9EB9-9B0BEF5D954B}.Release|iPhoneSimulator.Build.0 = Release|Any CPU
		{C5E48288-4DCE-404F-9EB9-9B0BEF5D954B}.Release|iPhoneSimulator.Deploy.0 = Release|Any CPU
		{46FC4D21-4D6E-4AE6-9ED0-CC7150801E74}.Debug|Any CPU.ActiveCfg = Debug|iPhone
		{46FC4D21-4D6E-4AE6-9ED0-CC7150801E74}.Debug|Any CPU.Build.0 = Debug|iPhone
		{46FC4D21-4D6E-4AE6-9ED0-CC7150801E74}.Debug|Any CPU.Deploy.0 = Debug|iPhone
		{46FC4D21-4D6E-4AE6-9ED0-CC7150801E74}.Debug|iPhone.ActiveCfg = Debug|iPhone
		{46FC4D21-4D6E-4AE6-9ED0-CC7150801E74}.Debug|iPhone.Build.0 = Debug|iPhone
		{46FC4D21-4D6E-4AE6-9ED0-CC7150801E74}.Debug|iPhone.Deploy.0 = Debug|iPhone
		{46FC4D21-4D6E-4AE6-9ED0-CC7150801E74}.Debug|iPhoneSimulator.ActiveCfg = Debug|iPhoneSimulator
		{46FC4D21-4D6E-4AE6-9ED0-CC7150801E74}.Debug|iPhoneSimulator.Build.0 = Debug|iPhoneSimulator
		{46FC4D21-4D6E-4AE6-9ED0-CC7150801E74}.Debug|iPhoneSimulator.Deploy.0 = Debug|iPhoneSimulator
		{46FC4D21-4D6E-4AE6-9ED0-CC7150801E74}.Release|Any CPU.ActiveCfg = Release|iPhoneSimulator
		{46FC4D21-4D6E-4AE6-9ED0-CC7150801E74}.Release|Any CPU.Build.0 = Release|iPhoneSimulator
		{46FC4D21-4D6E-4AE6-9ED0-CC7150801E74}.Release|Any CPU.Deploy.0 = Release|iPhoneSimulator
		{46FC4D21-4D6E-4AE6-9ED0-CC7150801E74}.Release|iPhone.ActiveCfg = Release|iPhone
		{46FC4D21-4D6E-4AE6-9ED0-CC7150801E74}.Release|iPhone.Build.0 = Release|iPhone
		{46FC4D21-4D6E-4AE6-9ED0-CC7150801E74}.Release|iPhone.Deploy.0 = Release|iPhone
		{46FC4D21-4D6E-4AE6-9ED0-CC7150801E74}.Release|iPhoneSimulator.ActiveCfg = Release|iPhoneSimulator
		{46FC4D21-4D6E-4AE6-9ED0-CC7150801E74}.Release|iPhoneSimulator.Build.0 = Release|iPhoneSimulator
		{46FC4D21-4D6E-4AE6-9ED0-CC7150801E74}.Release|iPhoneSimulator.Deploy.0 = Release|iPhoneSimulator
		{15282BAF-E67B-4DF4-910B-11242C119213}.Debug|Any CPU.ActiveCfg = Debug|Any CPU
		{15282BAF-E67B-4DF4-910B-11242C119213}.Debug|Any CPU.Build.0 = Debug|Any CPU
		{15282BAF-E67B-4DF4-910B-11242C119213}.Debug|Any CPU.Deploy.0 = Debug|Any CPU
		{15282BAF-E67B-4DF4-910B-11242C119213}.Debug|iPhone.ActiveCfg = Debug|Any CPU
		{15282BAF-E67B-4DF4-910B-11242C119213}.Debug|iPhone.Build.0 = Debug|Any CPU
		{15282BAF-E67B-4DF4-910B-11242C119213}.Debug|iPhone.Deploy.0 = Debug|Any CPU
		{15282BAF-E67B-4DF4-910B-11242C119213}.Debug|iPhoneSimulator.ActiveCfg = Debug|Any CPU
		{15282BAF-E67B-4DF4-910B-11242C119213}.Debug|iPhoneSimulator.Build.0 = Debug|Any CPU
		{15282BAF-E67B-4DF4-910B-11242C119213}.Debug|iPhoneSimulator.Deploy.0 = Debug|Any CPU
		{15282BAF-E67B-4DF4-910B-11242C119213}.Release|Any CPU.ActiveCfg = Release|Any CPU
		{15282BAF-E67B-4DF4-910B-11242C119213}.Release|Any CPU.Build.0 = Release|Any CPU
		{15282BAF-E67B-4DF4-910B-11242C119213}.Release|Any CPU.Deploy.0 = Release|Any CPU
		{15282BAF-E67B-4DF4-910B-11242C119213}.Release|iPhone.ActiveCfg = Release|Any CPU
		{15282BAF-E67B-4DF4-910B-11242C119213}.Release|iPhone.Build.0 = Release|Any CPU
		{15282BAF-E67B-4DF4-910B-11242C119213}.Release|iPhone.Deploy.0 = Release|Any CPU
		{15282BAF-E67B-4DF4-910B-11242C119213}.Release|iPhoneSimulator.ActiveCfg = Release|Any CPU
		{15282BAF-E67B-4DF4-910B-11242C119213}.Release|iPhoneSimulator.Build.0 = Release|Any CPU
		{15282BAF-E67B-4DF4-910B-11242C119213}.Release|iPhoneSimulator.Deploy.0 = Release|Any CPU
	EndGlobalSection
	GlobalSection(SolutionProperties) = preSolution
		HideSolutionNode = FALSE
	EndGlobalSection
	GlobalSection(ExtensibilityGlobals) = postSolution
		SolutionGuid = {436326EF-1658-40B6-B54D-CE89597927B7}
	EndGlobalSection
EndGlobal
